// !$*UTF8*$!
{
	archiveVersion = 1;
	classes = {
	};
	objectVersion = 56;
	objects = {

/* Begin PBXBuildFile section */
		2403BBFF2D410EF100C5E899 /* banquemisr_challenge05App.swift in Sources */ = {isa = PBXBuildFile; fileRef = 2403BBFE2D410EF100C5E899 /* banquemisr_challenge05App.swift */; };
		2403BC012D410EF100C5E899 /* ContentView.swift in Sources */ = {isa = PBXBuildFile; fileRef = 2403BC002D410EF100C5E899 /* ContentView.swift */; };
		2403BC032D410EF400C5E899 /* Assets.xcassets in Resources */ = {isa = PBXBuildFile; fileRef = 2403BC022D410EF400C5E899 /* Assets.xcassets */; };
		2403BC072D410EF400C5E899 /* Preview Assets.xcassets in Resources */ = {isa = PBXBuildFile; fileRef = 2403BC062D410EF400C5E899 /* Preview Assets.xcassets */; };
		2403BC112D410EF400C5E899 /* banquemisr_challenge05Tests.swift in Sources */ = {isa = PBXBuildFile; fileRef = 2403BC102D410EF400C5E899 /* banquemisr_challenge05Tests.swift */; };
/* End PBXBuildFile section */

/* Begin PBXContainerItemProxy section */
		2403BC0D2D410EF400C5E899 /* PBXContainerItemProxy */ = {
			isa = PBXContainerItemProxy;
			containerPortal = 2403BBF32D410EF100C5E899 /* Project object */;
			proxyType = 1;
			remoteGlobalIDString = 2403BBFA2D410EF100C5E899;
			remoteInfo = banquemisr.challenge05;
		};
		2403BC172D410EF400C5E899 /* PBXContainerItemProxy */ = {
			isa = PBXContainerItemProxy;
			containerPortal = 2403BBF32D410EF100C5E899 /* Project object */;
			proxyType = 1;
			remoteGlobalIDString = 2403BBFA2D410EF100C5E899;
			remoteInfo = banquemisr.challenge05;
		};
/* End PBXContainerItemProxy section */

/* Begin PBXFileReference section */
		2403BBFB2D410EF100C5E899 /* banquemisr.challenge05.app */ = {isa = PBXFileReference; explicitFileType = wrapper.application; includeInIndex = 0; path = banquemisr.challenge05.app; sourceTree = BUILT_PRODUCTS_DIR; };
		2403BBFE2D410EF100C5E899 /* banquemisr_challenge05App.swift */ = {isa = PBXFileReference; lastKnownFileType = sourcecode.swift; path = banquemisr_challenge05App.swift; sourceTree = "<group>"; };
		2403BC002D410EF100C5E899 /* ContentView.swift */ = {isa = PBXFileReference; lastKnownFileType = sourcecode.swift; path = ContentView.swift; sourceTree = "<group>"; };
		2403BC022D410EF400C5E899 /* Assets.xcassets */ = {isa = PBXFileReference; lastKnownFileType = folder.assetcatalog; path = Assets.xcassets; sourceTree = "<group>"; };
		2403BC042D410EF400C5E899 /* banquemisr_challenge05.entitlements */ = {isa = PBXFileReference; lastKnownFileType = text.plist.entitlements; path = banquemisr_challenge05.entitlements; sourceTree = "<group>"; };
		2403BC062D410EF400C5E899 /* Preview Assets.xcassets */ = {isa = PBXFileReference; lastKnownFileType = folder.assetcatalog; path = "Preview Assets.xcassets"; sourceTree = "<group>"; };
		2403BC0C2D410EF400C5E899 /* banquemisr.challenge05Tests.xctest */ = {isa = PBXFileReference; explicitFileType = wrapper.cfbundle; includeInIndex = 0; path = banquemisr.challenge05Tests.xctest; sourceTree = BUILT_PRODUCTS_DIR; };
		2403BC102D410EF400C5E899 /* banquemisr_challenge05Tests.swift */ = {isa = PBXFileReference; lastKnownFileType = sourcecode.swift; path = banquemisr_challenge05Tests.swift; sourceTree = "<group>"; };
		2403BC162D410EF400C5E899 /* banquemisr.challenge05UITests.xctest */ = {isa = PBXFileReference; explicitFileType = wrapper.cfbundle; includeInIndex = 0; path = banquemisr.challenge05UITests.xctest; sourceTree = BUILT_PRODUCTS_DIR; };
/* End PBXFileReference section */

/* Begin PBXFrameworksBuildPhase section */
		2403BBF82D410EF100C5E899 /* Frameworks */ = {
			isa = PBXFrameworksBuildPhase;
			buildActionMask = 2147483647;
			files = (
			);
			runOnlyForDeploymentPostprocessing = 0;
		};
		2403BC092D410EF400C5E899 /* Frameworks */ = {
			isa = PBXFrameworksBuildPhase;
			buildActionMask = 2147483647;
			files = (
			);
			runOnlyForDeploymentPostprocessing = 0;
		};
		2403BC132D410EF400C5E899 /* Frameworks */ = {
			isa = PBXFrameworksBuildPhase;
			buildActionMask = 2147483647;
			files = (
			);
			runOnlyForDeploymentPostprocessing = 0;
		};
/* End PBXFrameworksBuildPhase section */

/* Begin PBXGroup section */
		2403BBF22D410EF100C5E899 = {
			isa = PBXGroup;
			children = (
				2403BBFD2D410EF100C5E899 /* banquemisr.challenge05 */,
				2403BC0F2D410EF400C5E899 /* banquemisr.challenge05Tests */,
				2403BBFC2D410EF100C5E899 /* Products */,
			);
			sourceTree = "<group>";
		};
		2403BBFC2D410EF100C5E899 /* Products */ = {
			isa = PBXGroup;
			children = (
				2403BBFB2D410EF100C5E899 /* banquemisr.challenge05.app */,
				2403BC0C2D410EF400C5E899 /* banquemisr.challenge05Tests.xctest */,
				2403BC162D410EF400C5E899 /* banquemisr.challenge05UITests.xctest */,
			);
			name = Products;
			sourceTree = "<group>";
		};
		2403BBFD2D410EF100C5E899 /* banquemisr.challenge05 */ = {
			isa = PBXGroup;
			children = (
				2403BBFE2D410EF100C5E899 /* banquemisr_challenge05App.swift */,
				2403BC002D410EF100C5E899 /* ContentView.swift */,
				2403BC022D410EF400C5E899 /* Assets.xcassets */,
				2403BC042D410EF400C5E899 /* banquemisr_challenge05.entitlements */,
				2403BC052D410EF400C5E899 /* Preview Content */,
			);
			path = banquemisr.challenge05;
			sourceTree = "<group>";
		};
		2403BC052D410EF400C5E899 /* Preview Content */ = {
			isa = PBXGroup;
			children = (
				2403BC062D410EF400C5E899 /* Preview Assets.xcassets */,
			);
			path = "Preview Content";
			sourceTree = "<group>";
		};
		2403BC0F2D410EF400C5E899 /* banquemisr.challenge05Tests */ = {
			isa = PBXGroup;
			children = (
				2403BC102D410EF400C5E899 /* banquemisr_challenge05Tests.swift */,
			);
			path = banquemisr.challenge05Tests;
			sourceTree = "<group>";
		};
/* End PBXGroup section */

/* Begin PBXNativeTarget section */
		2403BBFA2D410EF100C5E899 /* banquemisr.challenge05 */ = {
			isa = PBXNativeTarget;
			buildConfigurationList = 2403BC202D410EF400C5E899 /* Build configuration list for PBXNativeTarget "banquemisr.challenge05" */;
			buildPhases = (
				2403BBF72D410EF100C5E899 /* Sources */,
				2403BBF82D410EF100C5E899 /* Frameworks */,
				2403BBF92D410EF100C5E899 /* Resources */,
			);
			buildRules = (
			);
			dependencies = (
			);
			name = banquemisr.challenge05;
			productName = banquemisr.challenge05;
			productReference = 2403BBFB2D410EF100C5E899 /* banquemisr.challenge05.app */;
			productType = "com.apple.product-type.application";
		};
		2403BC0B2D410EF400C5E899 /* banquemisr.challenge05Tests */ = {
			isa = PBXNativeTarget;
			buildConfigurationList = 2403BC232D410EF400C5E899 /* Build configuration list for PBXNativeTarget "banquemisr.challenge05Tests" */;
			buildPhases = (
				2403BC082D410EF400C5E899 /* Sources */,
				2403BC092D410EF400C5E899 /* Frameworks */,
				2403BC0A2D410EF400C5E899 /* Resources */,
			);
			buildRules = (
			);
			dependencies = (
				2403BC0E2D410EF400C5E899 /* PBXTargetDependency */,
			);
			name = banquemisr.challenge05Tests;
			productName = banquemisr.challenge05Tests;
			productReference = 2403BC0C2D410EF400C5E899 /* banquemisr.challenge05Tests.xctest */;
			productType = "com.apple.product-type.bundle.unit-test";
		};
		2403BC152D410EF400C5E899 /* banquemisr.challenge05UITests */ = {
			isa = PBXNativeTarget;
			buildConfigurationList = 2403BC262D410EF400C5E899 /* Build configuration list for PBXNativeTarget "banquemisr.challenge05UITests" */;
			buildPhases = (
				2403BC122D410EF400C5E899 /* Sources */,
				2403BC132D410EF400C5E899 /* Frameworks */,
				2403BC142D410EF400C5E899 /* Resources */,
			);
			buildRules = (
			);
			dependencies = (
				2403BC182D410EF400C5E899 /* PBXTargetDependency */,
			);
			name = banquemisr.challenge05UITests;
			productName = banquemisr.challenge05UITests;
			productReference = 2403BC162D410EF400C5E899 /* banquemisr.challenge05UITests.xctest */;
			productType = "com.apple.product-type.bundle.ui-testing";
		};
/* End PBXNativeTarget section */

/* Begin PBXProject section */
		2403BBF32D410EF100C5E899 /* Project object */ = {
			isa = PBXProject;
			attributes = {
				BuildIndependentTargetsInParallel = 1;
				LastSwiftUpdateCheck = 1500;
				LastUpgradeCheck = 1500;
				TargetAttributes = {
					2403BBFA2D410EF100C5E899 = {
						CreatedOnToolsVersion = 15.0.1;
					};
					2403BC0B2D410EF400C5E899 = {
						CreatedOnToolsVersion = 15.0.1;
						TestTargetID = 2403BBFA2D410EF100C5E899;
					};
					2403BC152D410EF400C5E899 = {
						CreatedOnToolsVersion = 15.0.1;
						TestTargetID = 2403BBFA2D410EF100C5E899;
					};
				};
			};
			buildConfigurationList = 2403BBF62D410EF100C5E899 /* Build configuration list for PBXProject "banquemisr.challenge05" */;
			compatibilityVersion = "Xcode 14.0";
			developmentRegion = en;
			hasScannedForEncodings = 0;
			knownRegions = (
				en,
				Base,
			);
			mainGroup = 2403BBF22D410EF100C5E899;
			productRefGroup = 2403BBFC2D410EF100C5E899 /* Products */;
			projectDirPath = "";
			projectRoot = "";
			targets = (
				2403BBFA2D410EF100C5E899 /* banquemisr.challenge05 */,
				2403BC0B2D410EF400C5E899 /* banquemisr.challenge05Tests */,
				2403BC152D410EF400C5E899 /* banquemisr.challenge05UITests */,
			);
		};
/* End PBXProject section */

/* Begin PBXResourcesBuildPhase section */
		2403BBF92D410EF100C5E899 /* Resources */ = {
			isa = PBXResourcesBuildPhase;
			buildActionMask = 2147483647;
			files = (
				2403BC072D410EF400C5E899 /* Preview Assets.xcassets in Resources */,
				2403BC032D410EF400C5E899 /* Assets.xcassets in Resources */,
			);
			runOnlyForDeploymentPostprocessing = 0;
		};
		2403BC0A2D410EF400C5E899 /* Resources */ = {
			isa = PBXResourcesBuildPhase;
			buildActionMask = 2147483647;
			files = (
			);
			runOnlyForDeploymentPostprocessing = 0;
		};
		2403BC142D410EF400C5E899 /* Resources */ = {
			isa = PBXResourcesBuildPhase;
			buildActionMask = 2147483647;
			files = (
			);
			runOnlyForDeploymentPostprocessing = 0;
		};
/* End PBXResourcesBuildPhase section */

/* Begin PBXSourcesBuildPhase section */
		2403BBF72D410EF100C5E899 /* Sources */ = {
			isa = PBXSourcesBuildPhase;
			buildActionMask = 2147483647;
			files = (
				2403BC012D410EF100C5E899 /* ContentView.swift in Sources */,
				2403BBFF2D410EF100C5E899 /* banquemisr_challenge05App.swift in Sources */,
			);
			runOnlyForDeploymentPostprocessing = 0;
		};
		2403BC082D410EF400C5E899 /* Sources */ = {
			isa = PBXSourcesBuildPhase;
			buildActionMask = 2147483647;
			files = (
				2403BC112D410EF400C5E899 /* banquemisr_challenge05Tests.swift in Sources */,
			);
			runOnlyForDeploymentPostprocessing = 0;
		};
		2403BC122D410EF400C5E899 /* Sources */ = {
			isa = PBXSourcesBuildPhase;
			buildActionMask = 2147483647;
			files = (
			);
			runOnlyForDeploymentPostprocessing = 0;
		};
/* End PBXSourcesBuildPhase section */

/* Begin PBXTargetDependency section */
		2403BC0E2D410EF400C5E899 /* PBXTargetDependency */ = {
			isa = PBXTargetDependency;
			target = 2403BBFA2D410EF100C5E899 /* banquemisr.challenge05 */;
			targetProxy = 2403BC0D2D410EF400C5E899 /* PBXContainerItemProxy */;
		};
		2403BC182D410EF400C5E899 /* PBXTargetDependency */ = {
			isa = PBXTargetDependency;
			target = 2403BBFA2D410EF100C5E899 /* banquemisr.challenge05 */;
			targetProxy = 2403BC172D410EF400C5E899 /* PBXContainerItemProxy */;
		};
/* End PBXTargetDependency section */

/* Begin XCBuildConfiguration section */
		2403BC1E2D410EF400C5E899 /* Debug */ = {
			isa = XCBuildConfiguration;
			buildSettings = {
				ALWAYS_SEARCH_USER_PATHS = NO;
				ASSETCATALOG_COMPILER_GENERATE_SWIFT_ASSET_SYMBOL_EXTENSIONS = YES;
				CLANG_ANALYZER_NONNULL = YES;
				CLANG_ANALYZER_NUMBER_OBJECT_CONVERSION = YES_AGGRESSIVE;
				CLANG_CXX_LANGUAGE_STANDARD = "gnu++20";
				CLANG_ENABLE_MODULES = YES;
				CLANG_ENABLE_OBJC_ARC = YES;
				CLANG_ENABLE_OBJC_WEAK = YES;
				CLANG_WARN_BLOCK_CAPTURE_AUTORELEASING = YES;
				CLANG_WARN_BOOL_CONVERSION = YES;
				CLANG_WARN_COMMA = YES;
				CLANG_WARN_CONSTANT_CONVERSION = YES;
				CLANG_WARN_DEPRECATED_OBJC_IMPLEMENTATIONS = YES;
				CLANG_WARN_DIRECT_OBJC_ISA_USAGE = YES_ERROR;
				CLANG_WARN_DOCUMENTATION_COMMENTS = YES;
				CLANG_WARN_EMPTY_BODY = YES;
				CLANG_WARN_ENUM_CONVERSION = YES;
				CLANG_WARN_INFINITE_RECURSION = YES;
				CLANG_WARN_INT_CONVERSION = YES;
				CLANG_WARN_NON_LITERAL_NULL_CONVERSION = YES;
				CLANG_WARN_OBJC_IMPLICIT_RETAIN_SELF = YES;
				CLANG_WARN_OBJC_LITERAL_CONVERSION = YES;
				CLANG_WARN_OBJC_ROOT_CLASS = YES_ERROR;
				CLANG_WARN_QUOTED_INCLUDE_IN_FRAMEWORK_HEADER = YES;
				CLANG_WARN_RANGE_LOOP_ANALYSIS = YES;
				CLANG_WARN_STRICT_PROTOTYPES = YES;
				CLANG_WARN_SUSPICIOUS_MOVE = YES;
				CLANG_WARN_UNGUARDED_AVAILABILITY = YES_AGGRESSIVE;
				CLANG_WARN_UNREACHABLE_CODE = YES;
				CLANG_WARN__DUPLICATE_METHOD_MATCH = YES;
				COPY_PHASE_STRIP = NO;
				DEBUG_INFORMATION_FORMAT = dwarf;
				ENABLE_STRICT_OBJC_MSGSEND = YES;
				ENABLE_TESTABILITY = YES;
				ENABLE_USER_SCRIPT_SANDBOXING = YES;
				GCC_C_LANGUAGE_STANDARD = gnu17;
				GCC_DYNAMIC_NO_PIC = NO;
				GCC_NO_COMMON_BLOCKS = YES;
				GCC_OPTIMIZATION_LEVEL = 0;
				GCC_PREPROCESSOR_DEFINITIONS = (
					"DEBUG=1",
					"$(inherited)",
				);
				GCC_WARN_64_TO_32_BIT_CONVERSION = YES;
				GCC_WARN_ABOUT_RETURN_TYPE = YES_ERROR;
				GCC_WARN_UNDECLARED_SELECTOR = YES;
				GCC_WARN_UNINITIALIZED_AUTOS = YES_AGGRESSIVE;
				GCC_WARN_UNUSED_FUNCTION = YES;
				GCC_WARN_UNUSED_VARIABLE = YES;
				LOCALIZATION_PREFERS_STRING_CATALOGS = YES;
				MTL_ENABLE_DEBUG_INFO = INCLUDE_SOURCE;
				MTL_FAST_MATH = YES;
				ONLY_ACTIVE_ARCH = YES;
				SWIFT_ACTIVE_COMPILATION_CONDITIONS = "DEBUG $(inherited)";
				SWIFT_OPTIMIZATION_LEVEL = "-Onone";
			};
			name = Debug;
		};
		2403BC1F2D410EF400C5E899 /* Release */ = {
			isa = XCBuildConfiguration;
			buildSettings = {
				ALWAYS_SEARCH_USER_PATHS = NO;
				ASSETCATALOG_COMPILER_GENERATE_SWIFT_ASSET_SYMBOL_EXTENSIONS = YES;
				CLANG_ANALYZER_NONNULL = YES;
				CLANG_ANALYZER_NUMBER_OBJECT_CONVERSION = YES_AGGRESSIVE;
				CLANG_CXX_LANGUAGE_STANDARD = "gnu++20";
				CLANG_ENABLE_MODULES = YES;
				CLANG_ENABLE_OBJC_ARC = YES;
				CLANG_ENABLE_OBJC_WEAK = YES;
				CLANG_WARN_BLOCK_CAPTURE_AUTORELEASING = YES;
				CLANG_WARN_BOOL_CONVERSION = YES;
				CLANG_WARN_COMMA = YES;
				CLANG_WARN_CONSTANT_CONVERSION = YES;
				CLANG_WARN_DEPRECATED_OBJC_IMPLEMENTATIONS = YES;
				CLANG_WARN_DIRECT_OBJC_ISA_USAGE = YES_ERROR;
				CLANG_WARN_DOCUMENTATION_COMMENTS = YES;
				CLANG_WARN_EMPTY_BODY = YES;
				CLANG_WARN_ENUM_CONVERSION = YES;
				CLANG_WARN_INFINITE_RECURSION = YES;
				CLANG_WARN_INT_CONVERSION = YES;
				CLANG_WARN_NON_LITERAL_NULL_CONVERSION = YES;
				CLANG_WARN_OBJC_IMPLICIT_RETAIN_SELF = YES;
				CLANG_WARN_OBJC_LITERAL_CONVERSION = YES;
				CLANG_WARN_OBJC_ROOT_CLASS = YES_ERROR;
				CLANG_WARN_QUOTED_INCLUDE_IN_FRAMEWORK_HEADER = YES;
				CLANG_WARN_RANGE_LOOP_ANALYSIS = YES;
				CLANG_WARN_STRICT_PROTOTYPES = YES;
				CLANG_WARN_SUSPICIOUS_MOVE = YES;
				CLANG_WARN_UNGUARDED_AVAILABILITY = YES_AGGRESSIVE;
				CLANG_WARN_UNREACHABLE_CODE = YES;
				CLANG_WARN__DUPLICATE_METHOD_MATCH = YES;
				COPY_PHASE_STRIP = NO;
				DEBUG_INFORMATION_FORMAT = "dwarf-with-dsym";
				ENABLE_NS_ASSERTIONS = NO;
				ENABLE_STRICT_OBJC_MSGSEND = YES;
				ENABLE_USER_SCRIPT_SANDBOXING = YES;
				GCC_C_LANGUAGE_STANDARD = gnu17;
				GCC_NO_COMMON_BLOCKS = YES;
				GCC_WARN_64_TO_32_BIT_CONVERSION = YES;
				GCC_WARN_ABOUT_RETURN_TYPE = YES_ERROR;
				GCC_WARN_UNDECLARED_SELECTOR = YES;
				GCC_WARN_UNINITIALIZED_AUTOS = YES_AGGRESSIVE;
				GCC_WARN_UNUSED_FUNCTION = YES;
				GCC_WARN_UNUSED_VARIABLE = YES;
				LOCALIZATION_PREFERS_STRING_CATALOGS = YES;
				MTL_ENABLE_DEBUG_INFO = NO;
				MTL_FAST_MATH = YES;
				SWIFT_COMPILATION_MODE = wholemodule;
			};
			name = Release;
		};
		2403BC212D410EF400C5E899 /* Debug */ = {
			isa = XCBuildConfiguration;
			buildSettings = {
				ASSETCATALOG_COMPILER_APPICON_NAME = AppIcon;
				ASSETCATALOG_COMPILER_GLOBAL_ACCENT_COLOR_NAME = AccentColor;
				CODE_SIGN_ENTITLEMENTS = banquemisr.challenge05/banquemisr_challenge05.entitlements;
				CODE_SIGN_STYLE = Automatic;
				CURRENT_PROJECT_VERSION = 1;
				DEVELOPMENT_ASSET_PATHS = "\"banquemisr.challenge05/Preview Content\"";
				DEVELOPMENT_TEAM = KB6TXDC42N;
				ENABLE_HARDENED_RUNTIME = YES;
				ENABLE_PREVIEWS = YES;
				GENERATE_INFOPLIST_FILE = YES;
				"INFOPLIST_KEY_UIApplicationSceneManifest_Generation[sdk=iphoneos*]" = YES;
				"INFOPLIST_KEY_UIApplicationSceneManifest_Generation[sdk=iphonesimulator*]" = YES;
				"INFOPLIST_KEY_UIApplicationSupportsIndirectInputEvents[sdk=iphoneos*]" = YES;
				"INFOPLIST_KEY_UIApplicationSupportsIndirectInputEvents[sdk=iphonesimulator*]" = YES;
				"INFOPLIST_KEY_UILaunchScreen_Generation[sdk=iphoneos*]" = YES;
				"INFOPLIST_KEY_UILaunchScreen_Generation[sdk=iphonesimulator*]" = YES;
				"INFOPLIST_KEY_UIStatusBarStyle[sdk=iphoneos*]" = UIStatusBarStyleDefault;
				"INFOPLIST_KEY_UIStatusBarStyle[sdk=iphonesimulator*]" = UIStatusBarStyleDefault;
				INFOPLIST_KEY_UISupportedInterfaceOrientations_iPad = "UIInterfaceOrientationPortrait UIInterfaceOrientationPortraitUpsideDown UIInterfaceOrientationLandscapeLeft UIInterfaceOrientationLandscapeRight";
				INFOPLIST_KEY_UISupportedInterfaceOrientations_iPhone = "UIInterfaceOrientationPortrait UIInterfaceOrientationLandscapeLeft UIInterfaceOrientationLandscapeRight";
				IPHONEOS_DEPLOYMENT_TARGET = 17.0;
				LD_RUNPATH_SEARCH_PATHS = "@executable_path/Frameworks";
				"LD_RUNPATH_SEARCH_PATHS[sdk=macosx*]" = "@executable_path/../Frameworks";
				MACOSX_DEPLOYMENT_TARGET = 14.0;
				MARKETING_VERSION = 1.0;
				PRODUCT_BUNDLE_IDENTIFIER = "com.-AdvancedTesting.AT.banquemisr-challenge05";
				PRODUCT_NAME = "$(TARGET_NAME)";
				SDKROOT = auto;
				SUPPORTED_PLATFORMS = "iphoneos iphonesimulator macosx";
				SWIFT_EMIT_LOC_STRINGS = YES;
				SWIFT_VERSION = 5.0;
				TARGETED_DEVICE_FAMILY = "1,2";
			};
			name = Debug;
		};
		2403BC222D410EF400C5E899 /* Release */ = {
			isa = XCBuildConfiguration;
			buildSettings = {
				ASSETCATALOG_COMPILER_APPICON_NAME = AppIcon;
				ASSETCATALOG_COMPILER_GLOBAL_ACCENT_COLOR_NAME = AccentColor;
				CODE_SIGN_ENTITLEMENTS = banquemisr.challenge05/banquemisr_challenge05.entitlements;
				CODE_SIGN_STYLE = Automatic;
				CURRENT_PROJECT_VERSION = 1;
				DEVELOPMENT_ASSET_PATHS = "\"banquemisr.challenge05/Preview Content\"";
				DEVELOPMENT_TEAM = KB6TXDC42N;
				ENABLE_HARDENED_RUNTIME = YES;
				ENABLE_PREVIEWS = YES;
				GENERATE_INFOPLIST_FILE = YES;
				"INFOPLIST_KEY_UIApplicationSceneManifest_Generation[sdk=iphoneos*]" = YES;
				"INFOPLIST_KEY_UIApplicationSceneManifest_Generation[sdk=iphonesimulator*]" = YES;
				"INFOPLIST_KEY_UIApplicationSupportsIndirectInputEvents[sdk=iphoneos*]" = YES;
				"INFOPLIST_KEY_UIApplicationSupportsIndirectInputEvents[sdk=iphonesimulator*]" = YES;
				"INFOPLIST_KEY_UILaunchScreen_Generation[sdk=iphoneos*]" = YES;
				"INFOPLIST_KEY_UILaunchScreen_Generation[sdk=iphonesimulator*]" = YES;
				"INFOPLIST_KEY_UIStatusBarStyle[sdk=iphoneos*]" = UIStatusBarStyleDefault;
				"INFOPLIST_KEY_UIStatusBarStyle[sdk=iphonesimulator*]" = UIStatusBarStyleDefault;
				INFOPLIST_KEY_UISupportedInterfaceOrientations_iPad = "UIInterfaceOrientationPortrait UIInterfaceOrientationPortraitUpsideDown UIInterfaceOrientationLandscapeLeft UIInterfaceOrientationLandscapeRight";
				INFOPLIST_KEY_UISupportedInterfaceOrientations_iPhone = "UIInterfaceOrientationPortrait UIInterfaceOrientationLandscapeLeft UIInterfaceOrientationLandscapeRight";
				IPHONEOS_DEPLOYMENT_TARGET = 17.0;
				LD_RUNPATH_SEARCH_PATHS = "@executable_path/Frameworks";
				"LD_RUNPATH_SEARCH_PATHS[sdk=macosx*]" = "@executable_path/../Frameworks";
				MACOSX_DEPLOYMENT_TARGET = 14.0;
				MARKETING_VERSION = 1.0;
				PRODUCT_BUNDLE_IDENTIFIER = "com.-AdvancedTesting.AT.banquemisr-challenge05";
				PRODUCT_NAME = "$(TARGET_NAME)";
				SDKROOT = auto;
				SUPPORTED_PLATFORMS = "iphoneos iphonesimulator macosx";
				SWIFT_EMIT_LOC_STRINGS = YES;
				SWIFT_VERSION = 5.0;
				TARGETED_DEVICE_FAMILY = "1,2";
			};
			name = Release;
		};
		2403BC242D410EF400C5E899 /* Debug */ = {
			isa = XCBuildConfiguration;
			buildSettings = {
				ALWAYS_EMBED_SWIFT_STANDARD_LIBRARIES = YES;
				BUNDLE_LOADER = "$(TEST_HOST)";
				CODE_SIGN_STYLE = Automatic;
				CURRENT_PROJECT_VERSION = 1;
				DEVELOPMENT_TEAM = KB6TXDC42N;
				GENERATE_INFOPLIST_FILE = YES;
				IPHONEOS_DEPLOYMENT_TARGET = 17.0;
				MACOSX_DEPLOYMENT_TARGET = 14.0;
				MARKETING_VERSION = 1.0;
				PRODUCT_BUNDLE_IDENTIFIER = "com.-AdvancedTesting.AT.banquemisr-challenge05Tests";
				PRODUCT_NAME = "$(TARGET_NAME)";
				SDKROOT = auto;
				SUPPORTED_PLATFORMS = "iphoneos iphonesimulator macosx";
				SWIFT_EMIT_LOC_STRINGS = NO;
				SWIFT_VERSION = 5.0;
				TARGETED_DEVICE_FAMILY = "1,2";
				TEST_HOST = "$(BUILT_PRODUCTS_DIR)/banquemisr.challenge05.app/$(BUNDLE_EXECUTABLE_FOLDER_PATH)/banquemisr.challenge05";
			};
			name = Debug;
		};
		2403BC252D410EF400C5E899 /* Release */ = {
			isa = XCBuildConfiguration;
			buildSettings = {
				ALWAYS_EMBED_SWIFT_STANDARD_LIBRARIES = YES;
				BUNDLE_LOADER = "$(TEST_HOST)";
				CODE_SIGN_STYLE = Automatic;
				CURRENT_PROJECT_VERSION = 1;
				DEVELOPMENT_TEAM = KB6TXDC42N;
				GENERATE_INFOPLIST_FILE = YES;
				IPHONEOS_DEPLOYMENT_TARGET = 17.0;
				MACOSX_DEPLOYMENT_TARGET = 14.0;
				MARKETING_VERSION = 1.0;
				PRODUCT_BUNDLE_IDENTIFIER = "com.-AdvancedTesting.AT.banquemisr-challenge05Tests";
				PRODUCT_NAME = "$(TARGET_NAME)";
				SDKROOT = auto;
				SUPPORTED_PLATFORMS = "iphoneos iphonesimulator macosx";
				SWIFT_EMIT_LOC_STRINGS = NO;
				SWIFT_VERSION = 5.0;
				TARGETED_DEVICE_FAMILY = "1,2";
				TEST_HOST = "$(BUILT_PRODUCTS_DIR)/banquemisr.challenge05.app/$(BUNDLE_EXECUTABLE_FOLDER_PATH)/banquemisr.challenge05";
			};
			name = Release;
		};
		2403BC272D410EF400C5E899 /* Debug */ = {
			isa = XCBuildConfiguration;
			buildSettings = {
				ALWAYS_EMBED_SWIFT_STANDARD_LIBRARIES = YES;
				CODE_SIGN_STYLE = Automatic;
				CURRENT_PROJECT_VERSION = 1;
				DEVELOPMENT_TEAM = KB6TXDC42N;
				GENERATE_INFOPLIST_FILE = YES;
				IPHONEOS_DEPLOYMENT_TARGET = 17.0;
				MACOSX_DEPLOYMENT_TARGET = 14.0;
				MARKETING_VERSION = 1.0;
				PRODUCT_BUNDLE_IDENTIFIER = "com.-AdvancedTesting.AT.banquemisr-challenge05UITests";
				PRODUCT_NAME = "$(TARGET_NAME)";
				SDKROOT = auto;
				SUPPORTED_PLATFORMS = "iphoneos iphonesimulator macosx";
				SWIFT_EMIT_LOC_STRINGS = NO;
				SWIFT_VERSION = 5.0;
				TARGETED_DEVICE_FAMILY = "1,2";
				TEST_TARGET_NAME = banquemisr.challenge05;
			};
			name = Debug;
		};
		2403BC282D410EF400C5E899 /* Release */ = {
			isa = XCBuildConfiguration;
			buildSettings = {
				ALWAYS_EMBED_SWIFT_STANDARD_LIBRARIES = YES;
				CODE_SIGN_STYLE = Automatic;
				CURRENT_PROJECT_VERSION = 1;
				DEVELOPMENT_TEAM = KB6TXDC42N;
				GENERATE_INFOPLIST_FILE = YES;
				IPHONEOS_DEPLOYMENT_TARGET = 17.0;
				MACOSX_DEPLOYMENT_TARGET = 14.0;
				MARKETING_VERSION = 1.0;
				PRODUCT_BUNDLE_IDENTIFIER = "com.-AdvancedTesting.AT.banquemisr-challenge05UITests";
				PRODUCT_NAME = "$(TARGET_NAME)";
				SDKROOT = auto;
				SUPPORTED_PLATFORMS = "iphoneos iphonesimulator macosx";
				SWIFT_EMIT_LOC_STRINGS = NO;
				SWIFT_VERSION = 5.0;
				TARGETED_DEVICE_FAMILY = "1,2";
				TEST_TARGET_NAME = banquemisr.challenge05;
			};
			name = Release;
		};
/* End XCBuildConfiguration section */

/* Begin XCConfigurationList section */
		2403BBF62D410EF100C5E899 /* Build configuration list for PBXProject "banquemisr.challenge05" */ = {
			isa = XCConfigurationList;
			buildConfigurations = (
				2403BC1E2D410EF400C5E899 /* Debug */,
				2403BC1F2D410EF400C5E899 /* Release */,
			);
			defaultConfigurationIsVisible = 0;
			defaultConfigurationName = Release;
		};
		2403BC202D410EF400C5E899 /* Build configuration list for PBXNativeTarget "banquemisr.challenge05" */ = {
			isa = XCConfigurationList;
			buildConfigurations = (
				2403BC212D410EF400C5E899 /* Debug */,
				2403BC222D410EF400C5E899 /* Release */,
			);
			defaultConfigurationIsVisible = 0;
			defaultConfigurationName = Release;
		};
		2403BC232D410EF400C5E899 /* Build configuration list for PBXNativeTarget "banquemisr.challenge05Tests" */ = {
			isa = XCConfigurationList;
			buildConfigurations = (
				2403BC242D410EF400C5E899 /* Debug */,
				2403BC252D410EF400C5E899 /* Release */,
			);
			defaultConfigurationIsVisible = 0;
			defaultConfigurationName = Release;
		};
		2403BC262D410EF400C5E899 /* Build configuration list for PBXNativeTarget "banquemisr.challenge05UITests" */ = {
			isa = XCConfigurationList;
			buildConfigurations = (
				2403BC272D410EF400C5E899 /* Debug */,
				2403BC282D410EF400C5E899 /* Release */,
			);
			defaultConfigurationIsVisible = 0;
			defaultConfigurationName = Release;
		};
/* End XCConfigurationList section */
	};
	rootObject = 2403BBF32D410EF100C5E899 /* Project object */;
}
