// !$*UTF8*$!
{
	archiveVersion = 1;
	classes = {
	};
	objectVersion = 56;
	objects = {

/* Begin PBXBuildFile section */
		2403BBFF2D410EF100C5E899 /* banquemisr_challenge05App.swift in Sources */ = {isa = PBXBuildFile; fileRef = 2403BBFE2D410EF100C5E899 /* banquemisr_challenge05App.swift */; };
		2403BC032D410EF400C5E899 /* Assets.xcassets in Resources */ = {isa = PBXBuildFile; fileRef = 2403BC022D410EF400C5E899 /* Assets.xcassets */; };
		2403BC072D410EF400C5E899 /* Preview Assets.xcassets in Resources */ = {isa = PBXBuildFile; fileRef = 2403BC062D410EF400C5E899 /* Preview Assets.xcassets */; };
		2403BC312D423E5B00C5E899 /* NetworkManager.swift in Sources */ = {isa = PBXBuildFile; fileRef = 2403BC2B2D423E5B00C5E899 /* NetworkManager.swift */; };
		2403BC322D423E5B00C5E899 /* NetworkError.swift in Sources */ = {isa = PBXBuildFile; fileRef = 2403BC2D2D423E5B00C5E899 /* NetworkError.swift */; };
		2403BC332D423E5B00C5E899 /* EndPointProtocol.swift in Sources */ = {isa = PBXBuildFile; fileRef = 2403BC2F2D423E5B00C5E899 /* EndPointProtocol.swift */; };
		2403BC342D423E5B00C5E899 /* NetworkManagerProtocol.swift in Sources */ = {isa = PBXBuildFile; fileRef = 2403BC302D423E5B00C5E899 /* NetworkManagerProtocol.swift */; };
		2403BC392D4249A700C5E899 /* DiscoverMovieEndpoint.swift in Sources */ = {isa = PBXBuildFile; fileRef = 2403BC382D4249A700C5E899 /* DiscoverMovieEndpoint.swift */; };
		2403BC3B2D4249FC00C5E899 /* MoviesListViewModel.swift in Sources */ = {isa = PBXBuildFile; fileRef = 2403BC3A2D4249FC00C5E899 /* MoviesListViewModel.swift */; };
		2403BC3D2D424B3E00C5E899 /* MovieResponse.swift in Sources */ = {isa = PBXBuildFile; fileRef = 2403BC3C2D424B3E00C5E899 /* MovieResponse.swift */; };
		2403BC3F2D424B6400C5E899 /* MoviesListView.swift in Sources */ = {isa = PBXBuildFile; fileRef = 2403BC3E2D424B6400C5E899 /* MoviesListView.swift */; };
		2403BC412D424C3700C5E899 /* MovieCategory.swift in Sources */ = {isa = PBXBuildFile; fileRef = 2403BC402D424C3700C5E899 /* MovieCategory.swift */; };
		2403BC462D425E9700C5E899 /* MovieDetailsViewModel.swift in Sources */ = {isa = PBXBuildFile; fileRef = 2403BC452D425E9700C5E899 /* MovieDetailsViewModel.swift */; };
		2403BC482D425EC600C5E899 /* MovieDetailsEndpoint.swift in Sources */ = {isa = PBXBuildFile; fileRef = 2403BC472D425EC600C5E899 /* MovieDetailsEndpoint.swift */; };
		2403BC4A2D4261C700C5E899 /* MovieDetailsView.swift in Sources */ = {isa = PBXBuildFile; fileRef = 2403BC492D4261C700C5E899 /* MovieDetailsView.swift */; };
		2403BC4C2D42657B00C5E899 /* MovieDetails.swift in Sources */ = {isa = PBXBuildFile; fileRef = 2403BC4B2D42657B00C5E899 /* MovieDetails.swift */; };
		2403BC4E2D42715A00C5E899 /* MovieList.swift in Sources */ = {isa = PBXBuildFile; fileRef = 2403BC4D2D42715A00C5E899 /* MovieList.swift */; };
		2403BC502D42717300C5E899 /* MovieRow.swift in Sources */ = {isa = PBXBuildFile; fileRef = 2403BC4F2D42717300C5E899 /* MovieRow.swift */; };
		2403BC692D4273C900C5E899 /* RemoteDataSource.swift in Sources */ = {isa = PBXBuildFile; fileRef = 2403BC662D4273C900C5E899 /* RemoteDataSource.swift */; };
		2403BC6A2D4273C900C5E899 /* MoviesListRepository.swift in Sources */ = {isa = PBXBuildFile; fileRef = 2403BC672D4273C900C5E899 /* MoviesListRepository.swift */; };
		2403BC6B2D4273C900C5E899 /* LocalDataSource.swift in Sources */ = {isa = PBXBuildFile; fileRef = 2403BC682D4273C900C5E899 /* LocalDataSource.swift */; };
		2403BC702D4274C700C5E899 /* LocalDataSourceProtocol.swift in Sources */ = {isa = PBXBuildFile; fileRef = 2403BC6E2D4274C600C5E899 /* LocalDataSourceProtocol.swift */; };
		2403BC712D4274C700C5E899 /* RemoteDataSourceProtocol.swift in Sources */ = {isa = PBXBuildFile; fileRef = 2403BC6F2D4274C700C5E899 /* RemoteDataSourceProtocol.swift */; };
		2403BC732D4277A100C5E899 /* MoviesListRepositoryProtocol.swift in Sources */ = {isa = PBXBuildFile; fileRef = 2403BC722D4277A100C5E899 /* MoviesListRepositoryProtocol.swift */; };
		2403BC752D42780D00C5E899 /* FetchMoviesUseCaseProtocol.swift in Sources */ = {isa = PBXBuildFile; fileRef = 2403BC742D42780D00C5E899 /* FetchMoviesUseCaseProtocol.swift */; };
		2403BC772D42783000C5E899 /* FetchMoviesUseCase.swift in Sources */ = {isa = PBXBuildFile; fileRef = 2403BC762D42783000C5E899 /* FetchMoviesUseCase.swift */; };
		246790AD2D451A8C00BA29BD /* MovieDetailsUseCase.swift in Sources */ = {isa = PBXBuildFile; fileRef = 246790AC2D451A8C00BA29BD /* MovieDetailsUseCase.swift */; };
		246790AF2D451AA300BA29BD /* MovieDetailsRepository.swift in Sources */ = {isa = PBXBuildFile; fileRef = 246790AE2D451AA300BA29BD /* MovieDetailsRepository.swift */; };
		246790B12D451ABC00BA29BD /* MovieDetailsService.swift in Sources */ = {isa = PBXBuildFile; fileRef = 246790B02D451ABC00BA29BD /* MovieDetailsService.swift */; };
		246790B32D451AD800BA29BD /* MovieDetailsServiceProtocol.swift in Sources */ = {isa = PBXBuildFile; fileRef = 246790B22D451AD800BA29BD /* MovieDetailsServiceProtocol.swift */; };
		246790B52D451AE700BA29BD /* MovieDetailsRepositoryProtocol.swift in Sources */ = {isa = PBXBuildFile; fileRef = 246790B42D451AE700BA29BD /* MovieDetailsRepositoryProtocol.swift */; };
		246790B72D451AF700BA29BD /* MovieDetailsUseCaseProtocol.swift in Sources */ = {isa = PBXBuildFile; fileRef = 246790B62D451AF700BA29BD /* MovieDetailsUseCaseProtocol.swift */; };
		246790BC2D451D3E00BA29BD /* MovieDetailsRepositoryTests.swift in Sources */ = {isa = PBXBuildFile; fileRef = 246790B82D451D3D00BA29BD /* MovieDetailsRepositoryTests.swift */; };
		246790BD2D451D3E00BA29BD /* MovieDetailsServiceTests.swift in Sources */ = {isa = PBXBuildFile; fileRef = 246790B92D451D3D00BA29BD /* MovieDetailsServiceTests.swift */; };
		246790BE2D451D3E00BA29BD /* MovieDetailsUseCaseTests.swift in Sources */ = {isa = PBXBuildFile; fileRef = 246790BA2D451D3E00BA29BD /* MovieDetailsUseCaseTests.swift */; };
		246790BF2D451D3E00BA29BD /* MovieDetailsViewModelTests.swift in Sources */ = {isa = PBXBuildFile; fileRef = 246790BB2D451D3E00BA29BD /* MovieDetailsViewModelTests.swift */; };
		246790C42D451D8D00BA29BD /* MockMovieDetailsUseCase.swift in Sources */ = {isa = PBXBuildFile; fileRef = 246790C12D451D8D00BA29BD /* MockMovieDetailsUseCase.swift */; };
		246790C52D451D8D00BA29BD /* MockNetworkManager.swift in Sources */ = {isa = PBXBuildFile; fileRef = 246790C22D451D8D00BA29BD /* MockNetworkManager.swift */; };
		246790C62D451D8D00BA29BD /* MockMovieDetailsRepository.swift in Sources */ = {isa = PBXBuildFile; fileRef = 246790C32D451D8D00BA29BD /* MockMovieDetailsRepository.swift */; };
		246790CB2D4524ED00BA29BD /* MockMovieDetailsService.swift in Sources */ = {isa = PBXBuildFile; fileRef = 246790CA2D4524ED00BA29BD /* MockMovieDetailsService.swift */; };
		246790F22D45307B00BA29BD /* MockMovieDetailsEndpoint.swift in Sources */ = {isa = PBXBuildFile; fileRef = 246790F12D45307B00BA29BD /* MockMovieDetailsEndpoint.swift */; };
		246790F52D45345700BA29BD /* AlertData.swift in Sources */ = {isa = PBXBuildFile; fileRef = 246790F42D45345700BA29BD /* AlertData.swift */; };
/* End PBXBuildFile section */

/* Begin PBXContainerItemProxy section */
		2403BC0D2D410EF400C5E899 /* PBXContainerItemProxy */ = {
			isa = PBXContainerItemProxy;
			containerPortal = 2403BBF32D410EF100C5E899 /* Project object */;
			proxyType = 1;
			remoteGlobalIDString = 2403BBFA2D410EF100C5E899;
			remoteInfo = banquemisr.challenge05;
		};
/* End PBXContainerItemProxy section */

/* Begin PBXFileReference section */
		2403BBFB2D410EF100C5E899 /* banquemisr.challenge05.app */ = {isa = PBXFileReference; explicitFileType = wrapper.application; includeInIndex = 0; path = banquemisr.challenge05.app; sourceTree = BUILT_PRODUCTS_DIR; };
		2403BBFE2D410EF100C5E899 /* banquemisr_challenge05App.swift */ = {isa = PBXFileReference; lastKnownFileType = sourcecode.swift; path = banquemisr_challenge05App.swift; sourceTree = "<group>"; };
		2403BC022D410EF400C5E899 /* Assets.xcassets */ = {isa = PBXFileReference; lastKnownFileType = folder.assetcatalog; path = Assets.xcassets; sourceTree = "<group>"; };
		2403BC042D410EF400C5E899 /* banquemisr_challenge05.entitlements */ = {isa = PBXFileReference; lastKnownFileType = text.plist.entitlements; path = banquemisr_challenge05.entitlements; sourceTree = "<group>"; };
		2403BC062D410EF400C5E899 /* Preview Assets.xcassets */ = {isa = PBXFileReference; lastKnownFileType = folder.assetcatalog; path = "Preview Assets.xcassets"; sourceTree = "<group>"; };
		2403BC0C2D410EF400C5E899 /* banquemisr.challenge05Tests.xctest */ = {isa = PBXFileReference; explicitFileType = wrapper.cfbundle; includeInIndex = 0; path = banquemisr.challenge05Tests.xctest; sourceTree = BUILT_PRODUCTS_DIR; };
		2403BC2B2D423E5B00C5E899 /* NetworkManager.swift */ = {isa = PBXFileReference; fileEncoding = 4; lastKnownFileType = sourcecode.swift; path = NetworkManager.swift; sourceTree = "<group>"; };
		2403BC2D2D423E5B00C5E899 /* NetworkError.swift */ = {isa = PBXFileReference; fileEncoding = 4; lastKnownFileType = sourcecode.swift; path = NetworkError.swift; sourceTree = "<group>"; };
		2403BC2F2D423E5B00C5E899 /* EndPointProtocol.swift */ = {isa = PBXFileReference; fileEncoding = 4; lastKnownFileType = sourcecode.swift; path = EndPointProtocol.swift; sourceTree = "<group>"; };
		2403BC302D423E5B00C5E899 /* NetworkManagerProtocol.swift */ = {isa = PBXFileReference; fileEncoding = 4; lastKnownFileType = sourcecode.swift; path = NetworkManagerProtocol.swift; sourceTree = "<group>"; };
		2403BC382D4249A700C5E899 /* DiscoverMovieEndpoint.swift */ = {isa = PBXFileReference; lastKnownFileType = sourcecode.swift; path = DiscoverMovieEndpoint.swift; sourceTree = "<group>"; };
		2403BC3A2D4249FC00C5E899 /* MoviesListViewModel.swift */ = {isa = PBXFileReference; lastKnownFileType = sourcecode.swift; path = MoviesListViewModel.swift; sourceTree = "<group>"; };
		2403BC3C2D424B3E00C5E899 /* MovieResponse.swift */ = {isa = PBXFileReference; lastKnownFileType = sourcecode.swift; path = MovieResponse.swift; sourceTree = "<group>"; };
		2403BC3E2D424B6400C5E899 /* MoviesListView.swift */ = {isa = PBXFileReference; lastKnownFileType = sourcecode.swift; path = MoviesListView.swift; sourceTree = "<group>"; };
		2403BC402D424C3700C5E899 /* MovieCategory.swift */ = {isa = PBXFileReference; lastKnownFileType = sourcecode.swift; path = MovieCategory.swift; sourceTree = "<group>"; };
		2403BC452D425E9700C5E899 /* MovieDetailsViewModel.swift */ = {isa = PBXFileReference; lastKnownFileType = sourcecode.swift; path = MovieDetailsViewModel.swift; sourceTree = "<group>"; };
		2403BC472D425EC600C5E899 /* MovieDetailsEndpoint.swift */ = {isa = PBXFileReference; lastKnownFileType = sourcecode.swift; path = MovieDetailsEndpoint.swift; sourceTree = "<group>"; };
		2403BC492D4261C700C5E899 /* MovieDetailsView.swift */ = {isa = PBXFileReference; lastKnownFileType = sourcecode.swift; path = MovieDetailsView.swift; sourceTree = "<group>"; };
		2403BC4B2D42657B00C5E899 /* MovieDetails.swift */ = {isa = PBXFileReference; lastKnownFileType = sourcecode.swift; path = MovieDetails.swift; sourceTree = "<group>"; };
		2403BC4D2D42715A00C5E899 /* MovieList.swift */ = {isa = PBXFileReference; lastKnownFileType = sourcecode.swift; path = MovieList.swift; sourceTree = "<group>"; };
		2403BC4F2D42717300C5E899 /* MovieRow.swift */ = {isa = PBXFileReference; lastKnownFileType = sourcecode.swift; path = MovieRow.swift; sourceTree = "<group>"; };
		2403BC662D4273C900C5E899 /* RemoteDataSource.swift */ = {isa = PBXFileReference; fileEncoding = 4; lastKnownFileType = sourcecode.swift; path = RemoteDataSource.swift; sourceTree = "<group>"; };
		2403BC672D4273C900C5E899 /* MoviesListRepository.swift */ = {isa = PBXFileReference; fileEncoding = 4; lastKnownFileType = sourcecode.swift; path = MoviesListRepository.swift; sourceTree = "<group>"; };
		2403BC682D4273C900C5E899 /* LocalDataSource.swift */ = {isa = PBXFileReference; fileEncoding = 4; lastKnownFileType = sourcecode.swift; path = LocalDataSource.swift; sourceTree = "<group>"; };
		2403BC6E2D4274C600C5E899 /* LocalDataSourceProtocol.swift */ = {isa = PBXFileReference; fileEncoding = 4; lastKnownFileType = sourcecode.swift; path = LocalDataSourceProtocol.swift; sourceTree = "<group>"; };
		2403BC6F2D4274C700C5E899 /* RemoteDataSourceProtocol.swift */ = {isa = PBXFileReference; fileEncoding = 4; lastKnownFileType = sourcecode.swift; path = RemoteDataSourceProtocol.swift; sourceTree = "<group>"; };
		2403BC722D4277A100C5E899 /* MoviesListRepositoryProtocol.swift */ = {isa = PBXFileReference; lastKnownFileType = sourcecode.swift; path = MoviesListRepositoryProtocol.swift; sourceTree = "<group>"; };
		2403BC742D42780D00C5E899 /* FetchMoviesUseCaseProtocol.swift */ = {isa = PBXFileReference; lastKnownFileType = sourcecode.swift; path = FetchMoviesUseCaseProtocol.swift; sourceTree = "<group>"; };
		2403BC762D42783000C5E899 /* FetchMoviesUseCase.swift */ = {isa = PBXFileReference; lastKnownFileType = sourcecode.swift; path = FetchMoviesUseCase.swift; sourceTree = "<group>"; };
		246790AC2D451A8C00BA29BD /* MovieDetailsUseCase.swift */ = {isa = PBXFileReference; lastKnownFileType = sourcecode.swift; path = MovieDetailsUseCase.swift; sourceTree = "<group>"; };
		246790AE2D451AA300BA29BD /* MovieDetailsRepository.swift */ = {isa = PBXFileReference; lastKnownFileType = sourcecode.swift; path = MovieDetailsRepository.swift; sourceTree = "<group>"; };
		246790B02D451ABC00BA29BD /* MovieDetailsService.swift */ = {isa = PBXFileReference; lastKnownFileType = sourcecode.swift; path = MovieDetailsService.swift; sourceTree = "<group>"; };
		246790B22D451AD800BA29BD /* MovieDetailsServiceProtocol.swift */ = {isa = PBXFileReference; lastKnownFileType = sourcecode.swift; path = MovieDetailsServiceProtocol.swift; sourceTree = "<group>"; };
		246790B42D451AE700BA29BD /* MovieDetailsRepositoryProtocol.swift */ = {isa = PBXFileReference; lastKnownFileType = sourcecode.swift; path = MovieDetailsRepositoryProtocol.swift; sourceTree = "<group>"; };
		246790B62D451AF700BA29BD /* MovieDetailsUseCaseProtocol.swift */ = {isa = PBXFileReference; lastKnownFileType = sourcecode.swift; path = MovieDetailsUseCaseProtocol.swift; sourceTree = "<group>"; };
		246790B82D451D3D00BA29BD /* MovieDetailsRepositoryTests.swift */ = {isa = PBXFileReference; fileEncoding = 4; lastKnownFileType = sourcecode.swift; path = MovieDetailsRepositoryTests.swift; sourceTree = "<group>"; };
		246790B92D451D3D00BA29BD /* MovieDetailsServiceTests.swift */ = {isa = PBXFileReference; fileEncoding = 4; lastKnownFileType = sourcecode.swift; path = MovieDetailsServiceTests.swift; sourceTree = "<group>"; };
		246790BA2D451D3E00BA29BD /* MovieDetailsUseCaseTests.swift */ = {isa = PBXFileReference; fileEncoding = 4; lastKnownFileType = sourcecode.swift; path = MovieDetailsUseCaseTests.swift; sourceTree = "<group>"; };
		246790BB2D451D3E00BA29BD /* MovieDetailsViewModelTests.swift */ = {isa = PBXFileReference; fileEncoding = 4; lastKnownFileType = sourcecode.swift; path = MovieDetailsViewModelTests.swift; sourceTree = "<group>"; };
		246790C12D451D8D00BA29BD /* MockMovieDetailsUseCase.swift */ = {isa = PBXFileReference; fileEncoding = 4; lastKnownFileType = sourcecode.swift; path = MockMovieDetailsUseCase.swift; sourceTree = "<group>"; };
		246790C22D451D8D00BA29BD /* MockNetworkManager.swift */ = {isa = PBXFileReference; fileEncoding = 4; lastKnownFileType = sourcecode.swift; path = MockNetworkManager.swift; sourceTree = "<group>"; };
		246790C32D451D8D00BA29BD /* MockMovieDetailsRepository.swift */ = {isa = PBXFileReference; fileEncoding = 4; lastKnownFileType = sourcecode.swift; path = MockMovieDetailsRepository.swift; sourceTree = "<group>"; };
		246790C92D45227E00BA29BD /* banquemisr.challenge05.xctestplan */ = {isa = PBXFileReference; lastKnownFileType = text; path = banquemisr.challenge05.xctestplan; sourceTree = "<group>"; };
		246790CA2D4524ED00BA29BD /* MockMovieDetailsService.swift */ = {isa = PBXFileReference; lastKnownFileType = sourcecode.swift; path = MockMovieDetailsService.swift; sourceTree = "<group>"; };
		246790F12D45307B00BA29BD /* MockMovieDetailsEndpoint.swift */ = {isa = PBXFileReference; lastKnownFileType = sourcecode.swift; path = MockMovieDetailsEndpoint.swift; sourceTree = "<group>"; };
		246790F42D45345700BA29BD /* AlertData.swift */ = {isa = PBXFileReference; lastKnownFileType = sourcecode.swift; path = AlertData.swift; sourceTree = "<group>"; };
/* End PBXFileReference section */

/* Begin PBXFrameworksBuildPhase section */
		2403BBF82D410EF100C5E899 /* Frameworks */ = {
			isa = PBXFrameworksBuildPhase;
			buildActionMask = 2147483647;
			files = (
			);
			runOnlyForDeploymentPostprocessing = 0;
		};
		2403BC092D410EF400C5E899 /* Frameworks */ = {
			isa = PBXFrameworksBuildPhase;
			buildActionMask = 2147483647;
			files = (
			);
			runOnlyForDeploymentPostprocessing = 0;
		};
/* End PBXFrameworksBuildPhase section */

/* Begin PBXGroup section */
		2403BBF22D410EF100C5E899 = {
			isa = PBXGroup;
			children = (
				246790C92D45227E00BA29BD /* banquemisr.challenge05.xctestplan */,
				2403BBFD2D410EF100C5E899 /* banquemisr.challenge05 */,
				2403BC0F2D410EF400C5E899 /* banquemisr.challenge05Tests */,
				2403BBFC2D410EF100C5E899 /* Products */,
			);
			sourceTree = "<group>";
		};
		2403BBFC2D410EF100C5E899 /* Products */ = {
			isa = PBXGroup;
			children = (
				2403BBFB2D410EF100C5E899 /* banquemisr.challenge05.app */,
				2403BC0C2D410EF400C5E899 /* banquemisr.challenge05Tests.xctest */,
			);
			name = Products;
			sourceTree = "<group>";
		};
		2403BBFD2D410EF100C5E899 /* banquemisr.challenge05 */ = {
			isa = PBXGroup;
			children = (
				2403BC352D42494A00C5E899 /* Screens */,
				2403BC292D423E5B00C5E899 /* Core */,
				2403BBFE2D410EF100C5E899 /* banquemisr_challenge05App.swift */,
				2403BC022D410EF400C5E899 /* Assets.xcassets */,
				2403BC042D410EF400C5E899 /* banquemisr_challenge05.entitlements */,
				2403BC052D410EF400C5E899 /* Preview Content */,
			);
			path = banquemisr.challenge05;
			sourceTree = "<group>";
		};
		2403BC052D410EF400C5E899 /* Preview Content */ = {
			isa = PBXGroup;
			children = (
				2403BC062D410EF400C5E899 /* Preview Assets.xcassets */,
			);
			path = "Preview Content";
			sourceTree = "<group>";
		};
		2403BC0F2D410EF400C5E899 /* banquemisr.challenge05Tests */ = {
			isa = PBXGroup;
			children = (
				246790E02D4527A500BA29BD /* Movies Details Screen */,
			);
			path = banquemisr.challenge05Tests;
			sourceTree = "<group>";
		};
		2403BC292D423E5B00C5E899 /* Core */ = {
			isa = PBXGroup;
			children = (
				246790F32D45344E00BA29BD /* UI */,
				2403BC6C2D42748A00C5E899 /* DataSource */,
				2403BC2A2D423E5B00C5E899 /* Network */,
			);
			path = Core;
			sourceTree = "<group>";
		};
		2403BC2A2D423E5B00C5E899 /* Network */ = {
			isa = PBXGroup;
			children = (
				2403BC2B2D423E5B00C5E899 /* NetworkManager.swift */,
				2403BC2C2D423E5B00C5E899 /* Entities */,
				2403BC2E2D423E5B00C5E899 /* Interfaces */,
			);
			path = Network;
			sourceTree = "<group>";
		};
		2403BC2C2D423E5B00C5E899 /* Entities */ = {
			isa = PBXGroup;
			children = (
				2403BC2D2D423E5B00C5E899 /* NetworkError.swift */,
			);
			path = Entities;
			sourceTree = "<group>";
		};
		2403BC2E2D423E5B00C5E899 /* Interfaces */ = {
			isa = PBXGroup;
			children = (
				2403BC2F2D423E5B00C5E899 /* EndPointProtocol.swift */,
				2403BC302D423E5B00C5E899 /* NetworkManagerProtocol.swift */,
			);
			path = Interfaces;
			sourceTree = "<group>";
		};
		2403BC352D42494A00C5E899 /* Screens */ = {
			isa = PBXGroup;
			children = (
				2403BC442D425E8500C5E899 /* Movies Details Screen */,
				2403BC362D42497200C5E899 /* Movies List Screen */,
			);
			path = Screens;
			sourceTree = "<group>";
		};
		2403BC362D42497200C5E899 /* Movies List Screen */ = {
			isa = PBXGroup;
			children = (
				2403BC532D4271B200C5E899 /* Presentation */,
				2403BC522D4271AB00C5E899 /* Data */,
				2403BC512D4271A300C5E899 /* Domain */,
			);
			path = "Movies List Screen";
			sourceTree = "<group>";
		};
		2403BC442D425E8500C5E899 /* Movies Details Screen */ = {
			isa = PBXGroup;
			children = (
				2403BC622D42726800C5E899 /* Data */,
				2403BC5E2D42726800C5E899 /* Domain */,
				2403BC5B2D42726800C5E899 /* Presentation */,
			);
			path = "Movies Details Screen";
			sourceTree = "<group>";
		};
		2403BC512D4271A300C5E899 /* Domain */ = {
			isa = PBXGroup;
			children = (
				2403BC582D42720E00C5E899 /* Entites */,
				2403BC572D42720700C5E899 /* Interfaces */,
				2403BC562D4271ED00C5E899 /* UseCases */,
			);
			path = Domain;
			sourceTree = "<group>";
		};
		2403BC522D4271AB00C5E899 /* Data */ = {
			isa = PBXGroup;
			children = (
				2403BC552D4271C900C5E899 /* Repository */,
				2403BC542D4271BF00C5E899 /* Service */,
			);
			path = Data;
			sourceTree = "<group>";
		};
		2403BC532D4271B200C5E899 /* Presentation */ = {
			isa = PBXGroup;
			children = (
				2403BC5A2D42722A00C5E899 /* ViewModel */,
				2403BC592D42722400C5E899 /* View */,
			);
			path = Presentation;
			sourceTree = "<group>";
		};
		2403BC542D4271BF00C5E899 /* Service */ = {
			isa = PBXGroup;
			children = (
			);
			path = Service;
			sourceTree = "<group>";
		};
		2403BC552D4271C900C5E899 /* Repository */ = {
			isa = PBXGroup;
			children = (
				2403BC672D4273C900C5E899 /* MoviesListRepository.swift */,
			);
			path = Repository;
			sourceTree = "<group>";
		};
		2403BC562D4271ED00C5E899 /* UseCases */ = {
			isa = PBXGroup;
			children = (
				2403BC762D42783000C5E899 /* FetchMoviesUseCase.swift */,
			);
			path = UseCases;
			sourceTree = "<group>";
		};
		2403BC572D42720700C5E899 /* Interfaces */ = {
			isa = PBXGroup;
			children = (
				2403BC722D4277A100C5E899 /* MoviesListRepositoryProtocol.swift */,
				2403BC742D42780D00C5E899 /* FetchMoviesUseCaseProtocol.swift */,
			);
			path = Interfaces;
			sourceTree = "<group>";
		};
		2403BC582D42720E00C5E899 /* Entites */ = {
			isa = PBXGroup;
			children = (
				2403BC382D4249A700C5E899 /* DiscoverMovieEndpoint.swift */,
				2403BC3C2D424B3E00C5E899 /* MovieResponse.swift */,
				2403BC402D424C3700C5E899 /* MovieCategory.swift */,
			);
			path = Entites;
			sourceTree = "<group>";
		};
		2403BC592D42722400C5E899 /* View */ = {
			isa = PBXGroup;
			children = (
				2403BC3E2D424B6400C5E899 /* MoviesListView.swift */,
				2403BC4D2D42715A00C5E899 /* MovieList.swift */,
				2403BC4F2D42717300C5E899 /* MovieRow.swift */,
			);
			path = View;
			sourceTree = "<group>";
		};
		2403BC5A2D42722A00C5E899 /* ViewModel */ = {
			isa = PBXGroup;
			children = (
				2403BC3A2D4249FC00C5E899 /* MoviesListViewModel.swift */,
			);
			path = ViewModel;
			sourceTree = "<group>";
		};
		2403BC5B2D42726800C5E899 /* Presentation */ = {
			isa = PBXGroup;
			children = (
				2403BC5C2D42726800C5E899 /* ViewModel */,
				2403BC5D2D42726800C5E899 /* View */,
			);
			path = Presentation;
			sourceTree = "<group>";
		};
		2403BC5C2D42726800C5E899 /* ViewModel */ = {
			isa = PBXGroup;
			children = (
				2403BC452D425E9700C5E899 /* MovieDetailsViewModel.swift */,
			);
			path = ViewModel;
			sourceTree = "<group>";
		};
		2403BC5D2D42726800C5E899 /* View */ = {
			isa = PBXGroup;
			children = (
				2403BC492D4261C700C5E899 /* MovieDetailsView.swift */,
			);
			path = View;
			sourceTree = "<group>";
		};
		2403BC5E2D42726800C5E899 /* Domain */ = {
			isa = PBXGroup;
			children = (
				2403BC5F2D42726800C5E899 /* Entites */,
				2403BC602D42726800C5E899 /* UseCases */,
				2403BC612D42726800C5E899 /* Interfaces */,
			);
			path = Domain;
			sourceTree = "<group>";
		};
		2403BC5F2D42726800C5E899 /* Entites */ = {
			isa = PBXGroup;
			children = (
				2403BC472D425EC600C5E899 /* MovieDetailsEndpoint.swift */,
				2403BC4B2D42657B00C5E899 /* MovieDetails.swift */,
			);
			path = Entites;
			sourceTree = "<group>";
		};
		2403BC602D42726800C5E899 /* UseCases */ = {
			isa = PBXGroup;
			children = (
				246790AC2D451A8C00BA29BD /* MovieDetailsUseCase.swift */,
			);
			path = UseCases;
			sourceTree = "<group>";
		};
		2403BC612D42726800C5E899 /* Interfaces */ = {
			isa = PBXGroup;
			children = (
				246790B22D451AD800BA29BD /* MovieDetailsServiceProtocol.swift */,
				246790B42D451AE700BA29BD /* MovieDetailsRepositoryProtocol.swift */,
				246790B62D451AF700BA29BD /* MovieDetailsUseCaseProtocol.swift */,
			);
			path = Interfaces;
			sourceTree = "<group>";
		};
		2403BC622D42726800C5E899 /* Data */ = {
			isa = PBXGroup;
			children = (
				2403BC632D42726800C5E899 /* Repository */,
				2403BC642D42726800C5E899 /* Service */,
			);
			path = Data;
			sourceTree = "<group>";
		};
		2403BC632D42726800C5E899 /* Repository */ = {
			isa = PBXGroup;
			children = (
				246790AE2D451AA300BA29BD /* MovieDetailsRepository.swift */,
			);
			path = Repository;
			sourceTree = "<group>";
		};
		2403BC642D42726800C5E899 /* Service */ = {
			isa = PBXGroup;
			children = (
				246790B02D451ABC00BA29BD /* MovieDetailsService.swift */,
			);
			path = Service;
			sourceTree = "<group>";
		};
		2403BC6C2D42748A00C5E899 /* DataSource */ = {
			isa = PBXGroup;
			children = (
				2403BC6D2D4274BC00C5E899 /* Interfaces */,
				2403BC662D4273C900C5E899 /* RemoteDataSource.swift */,
				2403BC682D4273C900C5E899 /* LocalDataSource.swift */,
			);
			path = DataSource;
			sourceTree = "<group>";
		};
		2403BC6D2D4274BC00C5E899 /* Interfaces */ = {
			isa = PBXGroup;
			children = (
				2403BC6E2D4274C600C5E899 /* LocalDataSourceProtocol.swift */,
				2403BC6F2D4274C700C5E899 /* RemoteDataSourceProtocol.swift */,
			);
			path = Interfaces;
			sourceTree = "<group>";
		};
		246790C02D451D8D00BA29BD /* Mocks */ = {
			isa = PBXGroup;
			children = (
				246790C12D451D8D00BA29BD /* MockMovieDetailsUseCase.swift */,
				246790C22D451D8D00BA29BD /* MockNetworkManager.swift */,
				246790C32D451D8D00BA29BD /* MockMovieDetailsRepository.swift */,
				246790CA2D4524ED00BA29BD /* MockMovieDetailsService.swift */,
			);
			path = Mocks;
			sourceTree = "<group>";
		};
		246790E02D4527A500BA29BD /* Movies Details Screen */ = {
			isa = PBXGroup;
			children = (
				246790C02D451D8D00BA29BD /* Mocks */,
				246790E12D4527A500BA29BD /* Data */,
				246790E42D4527A500BA29BD /* Domain */,
				246790E82D4527A500BA29BD /* Presentation */,
			);
			path = "Movies Details Screen";
			sourceTree = "<group>";
		};
		246790E12D4527A500BA29BD /* Data */ = {
			isa = PBXGroup;
			children = (
				246790E22D4527A500BA29BD /* Repository */,
				246790E32D4527A500BA29BD /* Service */,
			);
			path = Data;
			sourceTree = "<group>";
		};
		246790E22D4527A500BA29BD /* Repository */ = {
			isa = PBXGroup;
			children = (
				246790B82D451D3D00BA29BD /* MovieDetailsRepositoryTests.swift */,
			);
			path = Repository;
			sourceTree = "<group>";
		};
		246790E32D4527A500BA29BD /* Service */ = {
			isa = PBXGroup;
			children = (
				246790B92D451D3D00BA29BD /* MovieDetailsServiceTests.swift */,
			);
			path = Service;
			sourceTree = "<group>";
		};
		246790E42D4527A500BA29BD /* Domain */ = {
			isa = PBXGroup;
			children = (
				246790E52D4527A500BA29BD /* Entites */,
				246790E62D4527A500BA29BD /* UseCases */,
				246790E72D4527A500BA29BD /* Interfaces */,
			);
			path = Domain;
			sourceTree = "<group>";
		};
		246790E52D4527A500BA29BD /* Entites */ = {
			isa = PBXGroup;
			children = (
				246790F12D45307B00BA29BD /* MockMovieDetailsEndpoint.swift */,
			);
			path = Entites;
			sourceTree = "<group>";
		};
		246790E62D4527A500BA29BD /* UseCases */ = {
			isa = PBXGroup;
			children = (
				246790BA2D451D3E00BA29BD /* MovieDetailsUseCaseTests.swift */,
			);
			path = UseCases;
			sourceTree = "<group>";
		};
		246790E72D4527A500BA29BD /* Interfaces */ = {
			isa = PBXGroup;
			children = (
			);
			path = Interfaces;
			sourceTree = "<group>";
		};
		246790E82D4527A500BA29BD /* Presentation */ = {
			isa = PBXGroup;
			children = (
				246790E92D4527A500BA29BD /* ViewModel */,
			);
			path = Presentation;
			sourceTree = "<group>";
		};
		246790E92D4527A500BA29BD /* ViewModel */ = {
			isa = PBXGroup;
			children = (
				246790BB2D451D3E00BA29BD /* MovieDetailsViewModelTests.swift */,
			);
			path = ViewModel;
			sourceTree = "<group>";
		};
		246790F32D45344E00BA29BD /* UI */ = {
			isa = PBXGroup;
			children = (
				246790F42D45345700BA29BD /* AlertData.swift */,
			);
			path = UI;
			sourceTree = "<group>";
		};
/* End PBXGroup section */

/* Begin PBXNativeTarget section */
		2403BBFA2D410EF100C5E899 /* banquemisr.challenge05 */ = {
			isa = PBXNativeTarget;
			buildConfigurationList = 2403BC202D410EF400C5E899 /* Build configuration list for PBXNativeTarget "banquemisr.challenge05" */;
			buildPhases = (
				2403BBF72D410EF100C5E899 /* Sources */,
				2403BBF82D410EF100C5E899 /* Frameworks */,
				2403BBF92D410EF100C5E899 /* Resources */,
			);
			buildRules = (
			);
			dependencies = (
			);
			name = banquemisr.challenge05;
			productName = banquemisr.challenge05;
			productReference = 2403BBFB2D410EF100C5E899 /* banquemisr.challenge05.app */;
			productType = "com.apple.product-type.application";
		};
		2403BC0B2D410EF400C5E899 /* banquemisr.challenge05Tests */ = {
			isa = PBXNativeTarget;
			buildConfigurationList = 2403BC232D410EF400C5E899 /* Build configuration list for PBXNativeTarget "banquemisr.challenge05Tests" */;
			buildPhases = (
				2403BC082D410EF400C5E899 /* Sources */,
				2403BC092D410EF400C5E899 /* Frameworks */,
				2403BC0A2D410EF400C5E899 /* Resources */,
			);
			buildRules = (
			);
			dependencies = (
				2403BC0E2D410EF400C5E899 /* PBXTargetDependency */,
			);
			name = banquemisr.challenge05Tests;
			productName = banquemisr.challenge05Tests;
			productReference = 2403BC0C2D410EF400C5E899 /* banquemisr.challenge05Tests.xctest */;
			productType = "com.apple.product-type.bundle.unit-test";
		};
/* End PBXNativeTarget section */

/* Begin PBXProject section */
		2403BBF32D410EF100C5E899 /* Project object */ = {
			isa = PBXProject;
			attributes = {
				BuildIndependentTargetsInParallel = 1;
				LastSwiftUpdateCheck = 1500;
				LastUpgradeCheck = 1500;
				TargetAttributes = {
					2403BBFA2D410EF100C5E899 = {
						CreatedOnToolsVersion = 15.0.1;
					};
					2403BC0B2D410EF400C5E899 = {
						CreatedOnToolsVersion = 15.0.1;
						TestTargetID = 2403BBFA2D410EF100C5E899;
					};
				};
			};
			buildConfigurationList = 2403BBF62D410EF100C5E899 /* Build configuration list for PBXProject "banquemisr.challenge05" */;
			compatibilityVersion = "Xcode 14.0";
			developmentRegion = en;
			hasScannedForEncodings = 0;
			knownRegions = (
				en,
				Base,
			);
			mainGroup = 2403BBF22D410EF100C5E899;
			productRefGroup = 2403BBFC2D410EF100C5E899 /* Products */;
			projectDirPath = "";
			projectRoot = "";
			targets = (
				2403BBFA2D410EF100C5E899 /* banquemisr.challenge05 */,
				2403BC0B2D410EF400C5E899 /* banquemisr.challenge05Tests */,
			);
		};
/* End PBXProject section */

/* Begin PBXResourcesBuildPhase section */
		2403BBF92D410EF100C5E899 /* Resources */ = {
			isa = PBXResourcesBuildPhase;
			buildActionMask = 2147483647;
			files = (
				2403BC072D410EF400C5E899 /* Preview Assets.xcassets in Resources */,
				2403BC032D410EF400C5E899 /* Assets.xcassets in Resources */,
			);
			runOnlyForDeploymentPostprocessing = 0;
		};
		2403BC0A2D410EF400C5E899 /* Resources */ = {
			isa = PBXResourcesBuildPhase;
			buildActionMask = 2147483647;
			files = (
			);
			runOnlyForDeploymentPostprocessing = 0;
		};
/* End PBXResourcesBuildPhase section */

/* Begin PBXSourcesBuildPhase section */
		2403BBF72D410EF100C5E899 /* Sources */ = {
			isa = PBXSourcesBuildPhase;
			buildActionMask = 2147483647;
			files = (
				246790AD2D451A8C00BA29BD /* MovieDetailsUseCase.swift in Sources */,
				2403BC312D423E5B00C5E899 /* NetworkManager.swift in Sources */,
				2403BC482D425EC600C5E899 /* MovieDetailsEndpoint.swift in Sources */,
				2403BC322D423E5B00C5E899 /* NetworkError.swift in Sources */,
				2403BC332D423E5B00C5E899 /* EndPointProtocol.swift in Sources */,
				246790B52D451AE700BA29BD /* MovieDetailsRepositoryProtocol.swift in Sources */,
				2403BC6A2D4273C900C5E899 /* MoviesListRepository.swift in Sources */,
				2403BC342D423E5B00C5E899 /* NetworkManagerProtocol.swift in Sources */,
				246790F52D45345700BA29BD /* AlertData.swift in Sources */,
				2403BC752D42780D00C5E899 /* FetchMoviesUseCaseProtocol.swift in Sources */,
				2403BC502D42717300C5E899 /* MovieRow.swift in Sources */,
				246790B32D451AD800BA29BD /* MovieDetailsServiceProtocol.swift in Sources */,
				2403BC3F2D424B6400C5E899 /* MoviesListView.swift in Sources */,
				2403BBFF2D410EF100C5E899 /* banquemisr_challenge05App.swift in Sources */,
				2403BC732D4277A100C5E899 /* MoviesListRepositoryProtocol.swift in Sources */,
				2403BC392D4249A700C5E899 /* DiscoverMovieEndpoint.swift in Sources */,
				2403BC3D2D424B3E00C5E899 /* MovieResponse.swift in Sources */,
				2403BC772D42783000C5E899 /* FetchMoviesUseCase.swift in Sources */,
				2403BC6B2D4273C900C5E899 /* LocalDataSource.swift in Sources */,
				246790B12D451ABC00BA29BD /* MovieDetailsService.swift in Sources */,
				2403BC702D4274C700C5E899 /* LocalDataSourceProtocol.swift in Sources */,
				2403BC692D4273C900C5E899 /* RemoteDataSource.swift in Sources */,
				2403BC4C2D42657B00C5E899 /* MovieDetails.swift in Sources */,
				2403BC4E2D42715A00C5E899 /* MovieList.swift in Sources */,
				2403BC712D4274C700C5E899 /* RemoteDataSourceProtocol.swift in Sources */,
				2403BC412D424C3700C5E899 /* MovieCategory.swift in Sources */,
				246790B72D451AF700BA29BD /* MovieDetailsUseCaseProtocol.swift in Sources */,
				2403BC4A2D4261C700C5E899 /* MovieDetailsView.swift in Sources */,
				246790AF2D451AA300BA29BD /* MovieDetailsRepository.swift in Sources */,
				2403BC462D425E9700C5E899 /* MovieDetailsViewModel.swift in Sources */,
				2403BC3B2D4249FC00C5E899 /* MoviesListViewModel.swift in Sources */,
			);
			runOnlyForDeploymentPostprocessing = 0;
		};
		2403BC082D410EF400C5E899 /* Sources */ = {
			isa = PBXSourcesBuildPhase;
			buildActionMask = 2147483647;
			files = (
				246790C42D451D8D00BA29BD /* MockMovieDetailsUseCase.swift in Sources */,
				246790BE2D451D3E00BA29BD /* MovieDetailsUseCaseTests.swift in Sources */,
				246790BF2D451D3E00BA29BD /* MovieDetailsViewModelTests.swift in Sources */,
				246790C52D451D8D00BA29BD /* MockNetworkManager.swift in Sources */,
				246790F22D45307B00BA29BD /* MockMovieDetailsEndpoint.swift in Sources */,
				246790BD2D451D3E00BA29BD /* MovieDetailsServiceTests.swift in Sources */,
				246790CB2D4524ED00BA29BD /* MockMovieDetailsService.swift in Sources */,
				246790C62D451D8D00BA29BD /* MockMovieDetailsRepository.swift in Sources */,
				246790BC2D451D3E00BA29BD /* MovieDetailsRepositoryTests.swift in Sources */,
			);
			runOnlyForDeploymentPostprocessing = 0;
		};
/* End PBXSourcesBuildPhase section */

/* Begin PBXTargetDependency section */
		2403BC0E2D410EF400C5E899 /* PBXTargetDependency */ = {
			isa = PBXTargetDependency;
			target = 2403BBFA2D410EF100C5E899 /* banquemisr.challenge05 */;
			targetProxy = 2403BC0D2D410EF400C5E899 /* PBXContainerItemProxy */;
		};
/* End PBXTargetDependency section */

/* Begin XCBuildConfiguration section */
		2403BC1E2D410EF400C5E899 /* Debug */ = {
			isa = XCBuildConfiguration;
			buildSettings = {
				ALWAYS_SEARCH_USER_PATHS = NO;
				ASSETCATALOG_COMPILER_GENERATE_SWIFT_ASSET_SYMBOL_EXTENSIONS = YES;
				CLANG_ANALYZER_NONNULL = YES;
				CLANG_ANALYZER_NUMBER_OBJECT_CONVERSION = YES_AGGRESSIVE;
				CLANG_CXX_LANGUAGE_STANDARD = "gnu++20";
				CLANG_ENABLE_MODULES = YES;
				CLANG_ENABLE_OBJC_ARC = YES;
				CLANG_ENABLE_OBJC_WEAK = YES;
				CLANG_WARN_BLOCK_CAPTURE_AUTORELEASING = YES;
				CLANG_WARN_BOOL_CONVERSION = YES;
				CLANG_WARN_COMMA = YES;
				CLANG_WARN_CONSTANT_CONVERSION = YES;
				CLANG_WARN_DEPRECATED_OBJC_IMPLEMENTATIONS = YES;
				CLANG_WARN_DIRECT_OBJC_ISA_USAGE = YES_ERROR;
				CLANG_WARN_DOCUMENTATION_COMMENTS = YES;
				CLANG_WARN_EMPTY_BODY = YES;
				CLANG_WARN_ENUM_CONVERSION = YES;
				CLANG_WARN_INFINITE_RECURSION = YES;
				CLANG_WARN_INT_CONVERSION = YES;
				CLANG_WARN_NON_LITERAL_NULL_CONVERSION = YES;
				CLANG_WARN_OBJC_IMPLICIT_RETAIN_SELF = YES;
				CLANG_WARN_OBJC_LITERAL_CONVERSION = YES;
				CLANG_WARN_OBJC_ROOT_CLASS = YES_ERROR;
				CLANG_WARN_QUOTED_INCLUDE_IN_FRAMEWORK_HEADER = YES;
				CLANG_WARN_RANGE_LOOP_ANALYSIS = YES;
				CLANG_WARN_STRICT_PROTOTYPES = YES;
				CLANG_WARN_SUSPICIOUS_MOVE = YES;
				CLANG_WARN_UNGUARDED_AVAILABILITY = YES_AGGRESSIVE;
				CLANG_WARN_UNREACHABLE_CODE = YES;
				CLANG_WARN__DUPLICATE_METHOD_MATCH = YES;
				COPY_PHASE_STRIP = NO;
				DEBUG_INFORMATION_FORMAT = dwarf;
				ENABLE_STRICT_OBJC_MSGSEND = YES;
				ENABLE_TESTABILITY = YES;
				ENABLE_USER_SCRIPT_SANDBOXING = YES;
				GCC_C_LANGUAGE_STANDARD = gnu17;
				GCC_DYNAMIC_NO_PIC = NO;
				GCC_NO_COMMON_BLOCKS = YES;
				GCC_OPTIMIZATION_LEVEL = 0;
				GCC_PREPROCESSOR_DEFINITIONS = (
					"DEBUG=1",
					"$(inherited)",
				);
				GCC_WARN_64_TO_32_BIT_CONVERSION = YES;
				GCC_WARN_ABOUT_RETURN_TYPE = YES_ERROR;
				GCC_WARN_UNDECLARED_SELECTOR = YES;
				GCC_WARN_UNINITIALIZED_AUTOS = YES_AGGRESSIVE;
				GCC_WARN_UNUSED_FUNCTION = YES;
				GCC_WARN_UNUSED_VARIABLE = YES;
				LOCALIZATION_PREFERS_STRING_CATALOGS = YES;
				MTL_ENABLE_DEBUG_INFO = INCLUDE_SOURCE;
				MTL_FAST_MATH = YES;
				ONLY_ACTIVE_ARCH = YES;
				SWIFT_ACTIVE_COMPILATION_CONDITIONS = "DEBUG $(inherited)";
				SWIFT_OPTIMIZATION_LEVEL = "-Onone";
			};
			name = Debug;
		};
		2403BC1F2D410EF400C5E899 /* Release */ = {
			isa = XCBuildConfiguration;
			buildSettings = {
				ALWAYS_SEARCH_USER_PATHS = NO;
				ASSETCATALOG_COMPILER_GENERATE_SWIFT_ASSET_SYMBOL_EXTENSIONS = YES;
				CLANG_ANALYZER_NONNULL = YES;
				CLANG_ANALYZER_NUMBER_OBJECT_CONVERSION = YES_AGGRESSIVE;
				CLANG_CXX_LANGUAGE_STANDARD = "gnu++20";
				CLANG_ENABLE_MODULES = YES;
				CLANG_ENABLE_OBJC_ARC = YES;
				CLANG_ENABLE_OBJC_WEAK = YES;
				CLANG_WARN_BLOCK_CAPTURE_AUTORELEASING = YES;
				CLANG_WARN_BOOL_CONVERSION = YES;
				CLANG_WARN_COMMA = YES;
				CLANG_WARN_CONSTANT_CONVERSION = YES;
				CLANG_WARN_DEPRECATED_OBJC_IMPLEMENTATIONS = YES;
				CLANG_WARN_DIRECT_OBJC_ISA_USAGE = YES_ERROR;
				CLANG_WARN_DOCUMENTATION_COMMENTS = YES;
				CLANG_WARN_EMPTY_BODY = YES;
				CLANG_WARN_ENUM_CONVERSION = YES;
				CLANG_WARN_INFINITE_RECURSION = YES;
				CLANG_WARN_INT_CONVERSION = YES;
				CLANG_WARN_NON_LITERAL_NULL_CONVERSION = YES;
				CLANG_WARN_OBJC_IMPLICIT_RETAIN_SELF = YES;
				CLANG_WARN_OBJC_LITERAL_CONVERSION = YES;
				CLANG_WARN_OBJC_ROOT_CLASS = YES_ERROR;
				CLANG_WARN_QUOTED_INCLUDE_IN_FRAMEWORK_HEADER = YES;
				CLANG_WARN_RANGE_LOOP_ANALYSIS = YES;
				CLANG_WARN_STRICT_PROTOTYPES = YES;
				CLANG_WARN_SUSPICIOUS_MOVE = YES;
				CLANG_WARN_UNGUARDED_AVAILABILITY = YES_AGGRESSIVE;
				CLANG_WARN_UNREACHABLE_CODE = YES;
				CLANG_WARN__DUPLICATE_METHOD_MATCH = YES;
				COPY_PHASE_STRIP = NO;
				DEBUG_INFORMATION_FORMAT = "dwarf-with-dsym";
				ENABLE_NS_ASSERTIONS = NO;
				ENABLE_STRICT_OBJC_MSGSEND = YES;
				ENABLE_USER_SCRIPT_SANDBOXING = YES;
				GCC_C_LANGUAGE_STANDARD = gnu17;
				GCC_NO_COMMON_BLOCKS = YES;
				GCC_WARN_64_TO_32_BIT_CONVERSION = YES;
				GCC_WARN_ABOUT_RETURN_TYPE = YES_ERROR;
				GCC_WARN_UNDECLARED_SELECTOR = YES;
				GCC_WARN_UNINITIALIZED_AUTOS = YES_AGGRESSIVE;
				GCC_WARN_UNUSED_FUNCTION = YES;
				GCC_WARN_UNUSED_VARIABLE = YES;
				LOCALIZATION_PREFERS_STRING_CATALOGS = YES;
				MTL_ENABLE_DEBUG_INFO = NO;
				MTL_FAST_MATH = YES;
				SWIFT_COMPILATION_MODE = wholemodule;
			};
			name = Release;
		};
		2403BC212D410EF400C5E899 /* Debug */ = {
			isa = XCBuildConfiguration;
			buildSettings = {
				ASSETCATALOG_COMPILER_APPICON_NAME = AppIcon;
				ASSETCATALOG_COMPILER_GLOBAL_ACCENT_COLOR_NAME = AccentColor;
				CODE_SIGN_ENTITLEMENTS = banquemisr.challenge05/banquemisr_challenge05.entitlements;
				CODE_SIGN_STYLE = Automatic;
				CURRENT_PROJECT_VERSION = 1;
				DEFINES_MODULE = YES;
				DEVELOPMENT_ASSET_PATHS = "\"banquemisr.challenge05/Preview Content\"";
				DEVELOPMENT_TEAM = KB6TXDC42N;
				ENABLE_HARDENED_RUNTIME = YES;
				ENABLE_PREVIEWS = YES;
				GENERATE_INFOPLIST_FILE = YES;
				"INFOPLIST_KEY_UIApplicationSceneManifest_Generation[sdk=iphoneos*]" = YES;
				"INFOPLIST_KEY_UIApplicationSceneManifest_Generation[sdk=iphonesimulator*]" = YES;
				"INFOPLIST_KEY_UIApplicationSupportsIndirectInputEvents[sdk=iphoneos*]" = YES;
				"INFOPLIST_KEY_UIApplicationSupportsIndirectInputEvents[sdk=iphonesimulator*]" = YES;
				"INFOPLIST_KEY_UILaunchScreen_Generation[sdk=iphoneos*]" = YES;
				"INFOPLIST_KEY_UILaunchScreen_Generation[sdk=iphonesimulator*]" = YES;
				"INFOPLIST_KEY_UIStatusBarStyle[sdk=iphoneos*]" = UIStatusBarStyleDefault;
				"INFOPLIST_KEY_UIStatusBarStyle[sdk=iphonesimulator*]" = UIStatusBarStyleDefault;
				INFOPLIST_KEY_UISupportedInterfaceOrientations_iPad = "UIInterfaceOrientationPortrait UIInterfaceOrientationPortraitUpsideDown UIInterfaceOrientationLandscapeLeft UIInterfaceOrientationLandscapeRight";
				INFOPLIST_KEY_UISupportedInterfaceOrientations_iPhone = "UIInterfaceOrientationPortrait UIInterfaceOrientationLandscapeLeft UIInterfaceOrientationLandscapeRight";
				IPHONEOS_DEPLOYMENT_TARGET = 17.0;
				LD_RUNPATH_SEARCH_PATHS = "@executable_path/Frameworks";
				"LD_RUNPATH_SEARCH_PATHS[sdk=macosx*]" = "@executable_path/../Frameworks";
				MACOSX_DEPLOYMENT_TARGET = 14.0;
				MARKETING_VERSION = 1.0;
				PRODUCT_BUNDLE_IDENTIFIER = "com.-AdvancedTesting.AT.banquemisr-challenge05";
				PRODUCT_NAME = "$(TARGET_NAME)";
				SDKROOT = auto;
				SUPPORTED_PLATFORMS = "iphoneos iphonesimulator macosx";
				SWIFT_EMIT_LOC_STRINGS = YES;
				SWIFT_VERSION = 5.0;
				TARGETED_DEVICE_FAMILY = "1,2";
			};
			name = Debug;
		};
		2403BC222D410EF400C5E899 /* Release */ = {
			isa = XCBuildConfiguration;
			buildSettings = {
				ASSETCATALOG_COMPILER_APPICON_NAME = AppIcon;
				ASSETCATALOG_COMPILER_GLOBAL_ACCENT_COLOR_NAME = AccentColor;
				CODE_SIGN_ENTITLEMENTS = banquemisr.challenge05/banquemisr_challenge05.entitlements;
				CODE_SIGN_STYLE = Automatic;
				CURRENT_PROJECT_VERSION = 1;
				DEFINES_MODULE = YES;
				DEVELOPMENT_ASSET_PATHS = "\"banquemisr.challenge05/Preview Content\"";
				DEVELOPMENT_TEAM = KB6TXDC42N;
				ENABLE_HARDENED_RUNTIME = YES;
				ENABLE_PREVIEWS = YES;
				GENERATE_INFOPLIST_FILE = YES;
				"INFOPLIST_KEY_UIApplicationSceneManifest_Generation[sdk=iphoneos*]" = YES;
				"INFOPLIST_KEY_UIApplicationSceneManifest_Generation[sdk=iphonesimulator*]" = YES;
				"INFOPLIST_KEY_UIApplicationSupportsIndirectInputEvents[sdk=iphoneos*]" = YES;
				"INFOPLIST_KEY_UIApplicationSupportsIndirectInputEvents[sdk=iphonesimulator*]" = YES;
				"INFOPLIST_KEY_UILaunchScreen_Generation[sdk=iphoneos*]" = YES;
				"INFOPLIST_KEY_UILaunchScreen_Generation[sdk=iphonesimulator*]" = YES;
				"INFOPLIST_KEY_UIStatusBarStyle[sdk=iphoneos*]" = UIStatusBarStyleDefault;
				"INFOPLIST_KEY_UIStatusBarStyle[sdk=iphonesimulator*]" = UIStatusBarStyleDefault;
				INFOPLIST_KEY_UISupportedInterfaceOrientations_iPad = "UIInterfaceOrientationPortrait UIInterfaceOrientationPortraitUpsideDown UIInterfaceOrientationLandscapeLeft UIInterfaceOrientationLandscapeRight";
				INFOPLIST_KEY_UISupportedInterfaceOrientations_iPhone = "UIInterfaceOrientationPortrait UIInterfaceOrientationLandscapeLeft UIInterfaceOrientationLandscapeRight";
				IPHONEOS_DEPLOYMENT_TARGET = 17.0;
				LD_RUNPATH_SEARCH_PATHS = "@executable_path/Frameworks";
				"LD_RUNPATH_SEARCH_PATHS[sdk=macosx*]" = "@executable_path/../Frameworks";
				MACOSX_DEPLOYMENT_TARGET = 14.0;
				MARKETING_VERSION = 1.0;
				PRODUCT_BUNDLE_IDENTIFIER = "com.-AdvancedTesting.AT.banquemisr-challenge05";
				PRODUCT_NAME = "$(TARGET_NAME)";
				SDKROOT = auto;
				SUPPORTED_PLATFORMS = "iphoneos iphonesimulator macosx";
				SWIFT_EMIT_LOC_STRINGS = YES;
				SWIFT_VERSION = 5.0;
				TARGETED_DEVICE_FAMILY = "1,2";
			};
			name = Release;
		};
		2403BC242D410EF400C5E899 /* Debug */ = {
			isa = XCBuildConfiguration;
			buildSettings = {
				ALWAYS_EMBED_SWIFT_STANDARD_LIBRARIES = YES;
				BUNDLE_LOADER = "$(TEST_HOST)";
				CODE_SIGN_STYLE = Automatic;
				CURRENT_PROJECT_VERSION = 1;
				DEFINES_MODULE = YES;
				DEVELOPMENT_TEAM = KB6TXDC42N;
				GENERATE_INFOPLIST_FILE = YES;
				IPHONEOS_DEPLOYMENT_TARGET = 17.0;
				MACOSX_DEPLOYMENT_TARGET = 14.0;
				MARKETING_VERSION = 1.0;
				PRODUCT_BUNDLE_IDENTIFIER = "com.-AdvancedTesting.AT.banquemisr-challenge05Tests";
				PRODUCT_NAME = "$(TARGET_NAME)";
				SDKROOT = auto;
				SUPPORTED_PLATFORMS = "iphoneos iphonesimulator macosx";
				SWIFT_EMIT_LOC_STRINGS = NO;
				SWIFT_VERSION = 5.0;
				TARGETED_DEVICE_FAMILY = "1,2";
				TEST_HOST = "$(BUILT_PRODUCTS_DIR)/banquemisr.challenge05.app/$(BUNDLE_EXECUTABLE_FOLDER_PATH)/banquemisr.challenge05";
			};
			name = Debug;
		};
		2403BC252D410EF400C5E899 /* Release */ = {
			isa = XCBuildConfiguration;
			buildSettings = {
				ALWAYS_EMBED_SWIFT_STANDARD_LIBRARIES = YES;
				BUNDLE_LOADER = "$(TEST_HOST)";
				CODE_SIGN_STYLE = Automatic;
				CURRENT_PROJECT_VERSION = 1;
				DEFINES_MODULE = YES;
				DEVELOPMENT_TEAM = KB6TXDC42N;
				GENERATE_INFOPLIST_FILE = YES;
				IPHONEOS_DEPLOYMENT_TARGET = 17.0;
				MACOSX_DEPLOYMENT_TARGET = 14.0;
				MARKETING_VERSION = 1.0;
				PRODUCT_BUNDLE_IDENTIFIER = "com.-AdvancedTesting.AT.banquemisr-challenge05Tests";
				PRODUCT_NAME = "$(TARGET_NAME)";
				SDKROOT = auto;
				SUPPORTED_PLATFORMS = "iphoneos iphonesimulator macosx";
				SWIFT_EMIT_LOC_STRINGS = NO;
				SWIFT_VERSION = 5.0;
				TARGETED_DEVICE_FAMILY = "1,2";
				TEST_HOST = "$(BUILT_PRODUCTS_DIR)/banquemisr.challenge05.app/$(BUNDLE_EXECUTABLE_FOLDER_PATH)/banquemisr.challenge05";
			};
			name = Release;
		};
/* End XCBuildConfiguration section */

/* Begin XCConfigurationList section */
		2403BBF62D410EF100C5E899 /* Build configuration list for PBXProject "banquemisr.challenge05" */ = {
			isa = XCConfigurationList;
			buildConfigurations = (
				2403BC1E2D410EF400C5E899 /* Debug */,
				2403BC1F2D410EF400C5E899 /* Release */,
			);
			defaultConfigurationIsVisible = 0;
			defaultConfigurationName = Release;
		};
		2403BC202D410EF400C5E899 /* Build configuration list for PBXNativeTarget "banquemisr.challenge05" */ = {
			isa = XCConfigurationList;
			buildConfigurations = (
				2403BC212D410EF400C5E899 /* Debug */,
				2403BC222D410EF400C5E899 /* Release */,
			);
			defaultConfigurationIsVisible = 0;
			defaultConfigurationName = Release;
		};
		2403BC232D410EF400C5E899 /* Build configuration list for PBXNativeTarget "banquemisr.challenge05Tests" */ = {
			isa = XCConfigurationList;
			buildConfigurations = (
				2403BC242D410EF400C5E899 /* Debug */,
				2403BC252D410EF400C5E899 /* Release */,
			);
			defaultConfigurationIsVisible = 0;
			defaultConfigurationName = Release;
		};
/* End XCConfigurationList section */
	};
	rootObject = 2403BBF32D410EF100C5E899 /* Project object */;
}
